
Microsoft Visual Studio Solution File, Format Version 12.00
# Visual Studio Version 17
VisualStudioVersion = 17.14.36511.14
MinimumVisualStudioVersion = 10.0.40219.1
Project("{FAE04EC0-301F-11D3-BF4B-00C04F79EFBC}") = "Labyrinth", "Labyrinth\Labyrinth.csproj", "{7C2EAA65-8BFA-49F8-BC1B-1F60C66C49D1}"
EndProject
Project("{FAE04EC0-301F-11D3-BF4B-00C04F79EFBC}") = "LabyrinthTest", "LabyrinthTest\LabyrinthTest.csproj", "{90F1D9D9-3423-495B-A4FB-A9209725E4E0}"
EndProject
Project("{2150E333-8FDC-42A3-9474-1A3956D46DE8}") = "Application", "Application", "{827E0CD3-B72D-47B6-A68D-7590B98EB39B}"
EndProject
Project("{FAE04EC0-301F-11D3-BF4B-00C04F79EFBC}") = "Labyrinth.Core", "Labyrinth\Application\Domain\Labyrinth.Core.csproj", "{8167C418-1C49-49F9-BEF3-C795AAE6D21A}"
EndProject
Project("{FAE04EC0-301F-11D3-BF4B-00C04F79EFBC}") = "Labyrinth.Api", "Labyrinth\Application\WebApi\Labyrinth.Api.csproj", "{9363DA62-C05E-43AD-9C0A-1EAACC71231D}"
EndProject
Global
	GlobalSection(SolutionConfigurationPlatforms) = preSolution
		Debug|Any CPU = Debug|Any CPU
		Debug|x64 = Debug|x64
		Debug|x86 = Debug|x86
		Release|Any CPU = Release|Any CPU
		Release|x64 = Release|x64
		Release|x86 = Release|x86
	EndGlobalSection
	GlobalSection(ProjectConfigurationPlatforms) = postSolution
		{7C2EAA65-8BFA-49F8-BC1B-1F60C66C49D1}.Debug|Any CPU.ActiveCfg = Debug|Any CPU
		{7C2EAA65-8BFA-49F8-BC1B-1F60C66C49D1}.Debug|Any CPU.Build.0 = Debug|Any CPU
		{7C2EAA65-8BFA-49F8-BC1B-1F60C66C49D1}.Debug|x64.ActiveCfg = Debug|Any CPU
		{7C2EAA65-8BFA-49F8-BC1B-1F60C66C49D1}.Debug|x64.Build.0 = Debug|Any CPU
		{7C2EAA65-8BFA-49F8-BC1B-1F60C66C49D1}.Debug|x86.ActiveCfg = Debug|Any CPU
		{7C2EAA65-8BFA-49F8-BC1B-1F60C66C49D1}.Debug|x86.Build.0 = Debug|Any CPU
		{7C2EAA65-8BFA-49F8-BC1B-1F60C66C49D1}.Release|Any CPU.ActiveCfg = Release|Any CPU
		{7C2EAA65-8BFA-49F8-BC1B-1F60C66C49D1}.Release|Any CPU.Build.0 = Release|Any CPU
		{7C2EAA65-8BFA-49F8-BC1B-1F60C66C49D1}.Release|x64.ActiveCfg = Release|Any CPU
		{7C2EAA65-8BFA-49F8-BC1B-1F60C66C49D1}.Release|x64.Build.0 = Release|Any CPU
		{7C2EAA65-8BFA-49F8-BC1B-1F60C66C49D1}.Release|x86.ActiveCfg = Release|Any CPU
		{7C2EAA65-8BFA-49F8-BC1B-1F60C66C49D1}.Release|x86.Build.0 = Release|Any CPU
		{90F1D9D9-3423-495B-A4FB-A9209725E4E0}.Debug|Any CPU.ActiveCfg = Debug|Any CPU
		{90F1D9D9-3423-495B-A4FB-A9209725E4E0}.Debug|Any CPU.Build.0 = Debug|Any CPU
		{90F1D9D9-3423-495B-A4FB-A9209725E4E0}.Debug|x64.ActiveCfg = Debug|Any CPU
		{90F1D9D9-3423-495B-A4FB-A9209725E4E0}.Debug|x64.Build.0 = Debug|Any CPU
		{90F1D9D9-3423-495B-A4FB-A9209725E4E0}.Debug|x86.ActiveCfg = Debug|Any CPU
		{90F1D9D9-3423-495B-A4FB-A9209725E4E0}.Debug|x86.Build.0 = Debug|Any CPU
		{90F1D9D9-3423-495B-A4FB-A9209725E4E0}.Release|Any CPU.ActiveCfg = Release|Any CPU
		{90F1D9D9-3423-495B-A4FB-A9209725E4E0}.Release|Any CPU.Build.0 = Release|Any CPU
		{90F1D9D9-3423-495B-A4FB-A9209725E4E0}.Release|x64.ActiveCfg = Release|Any CPU
		{90F1D9D9-3423-495B-A4FB-A9209725E4E0}.Release|x64.Build.0 = Release|Any CPU
		{90F1D9D9-3423-495B-A4FB-A9209725E4E0}.Release|x86.ActiveCfg = Release|Any CPU
		{90F1D9D9-3423-495B-A4FB-A9209725E4E0}.Release|x86.Build.0 = Release|Any CPU
		{8167C418-1C49-49F9-BEF3-C795AAE6D21A}.Debug|Any CPU.ActiveCfg = Debug|Any CPU
		{8167C418-1C49-49F9-BEF3-C795AAE6D21A}.Debug|Any CPU.Build.0 = Debug|Any CPU
		{8167C418-1C49-49F9-BEF3-C795AAE6D21A}.Debug|x64.ActiveCfg = Debug|Any CPU
		{8167C418-1C49-49F9-BEF3-C795AAE6D21A}.Debug|x64.Build.0 = Debug|Any CPU
		{8167C418-1C49-49F9-BEF3-C795AAE6D21A}.Debug|x86.ActiveCfg = Debug|Any CPU
		{8167C418-1C49-49F9-BEF3-C795AAE6D21A}.Debug|x86.Build.0 = Debug|Any CPU
		{8167C418-1C49-49F9-BEF3-C795AAE6D21A}.Release|Any CPU.ActiveCfg = Release|Any CPU
		{8167C418-1C49-49F9-BEF3-C795AAE6D21A}.Release|Any CPU.Build.0 = Release|Any CPU
		{8167C418-1C49-49F9-BEF3-C795AAE6D21A}.Release|x64.ActiveCfg = Release|Any CPU
		{8167C418-1C49-49F9-BEF3-C795AAE6D21A}.Release|x64.Build.0 = Release|Any CPU
		{8167C418-1C49-49F9-BEF3-C795AAE6D21A}.Release|x86.ActiveCfg = Release|Any CPU
		{8167C418-1C49-49F9-BEF3-C795AAE6D21A}.Release|x86.Build.0 = Release|Any CPU
		{9363DA62-C05E-43AD-9C0A-1EAACC71231D}.Debug|Any CPU.ActiveCfg = Debug|Any CPU
		{9363DA62-C05E-43AD-9C0A-1EAACC71231D}.Debug|Any CPU.Build.0 = Debug|Any CPU
		{9363DA62-C05E-43AD-9C0A-1EAACC71231D}.Debug|x64.ActiveCfg = Debug|Any CPU
		{9363DA62-C05E-43AD-9C0A-1EAACC71231D}.Debug|x64.Build.0 = Debug|Any CPU
		{9363DA62-C05E-43AD-9C0A-1EAACC71231D}.Debug|x86.ActiveCfg = Debug|Any CPU
		{9363DA62-C05E-43AD-9C0A-1EAACC71231D}.Debug|x86.Build.0 = Debug|Any CPU
		{9363DA62-C05E-43AD-9C0A-1EAACC71231D}.Release|Any CPU.ActiveCfg = Release|Any CPU
		{9363DA62-C05E-43AD-9C0A-1EAACC71231D}.Release|Any CPU.Build.0 = Release|Any CPU
		{9363DA62-C05E-43AD-9C0A-1EAACC71231D}.Release|x64.ActiveCfg = Release|Any CPU
		{9363DA62-C05E-43AD-9C0A-1EAACC71231D}.Release|x64.Build.0 = Release|Any CPU
		{9363DA62-C05E-43AD-9C0A-1EAACC71231D}.Release|x86.ActiveCfg = Release|Any CPU
		{9363DA62-C05E-43AD-9C0A-1EAACC71231D}.Release|x86.Build.0 = Release|Any CPU
	EndGlobalSection
	GlobalSection(SolutionProperties) = preSolution
		HideSolutionNode = FALSE
	EndGlobalSection
	GlobalSection(NestedProjects) = preSolution
		{8167C418-1C49-49F9-BEF3-C795AAE6D21A} = {827E0CD3-B72D-47B6-A68D-7590B98EB39B}
		{9363DA62-C05E-43AD-9C0A-1EAACC71231D} = {827E0CD3-B72D-47B6-A68D-7590B98EB39B}
	EndGlobalSection
	GlobalSection(ExtensibilityGlobals) = postSolution
		SolutionGuid = {1DCD51B7-EEF8-4EB1-B945-886C3C1E1CF0}
	EndGlobalSection
EndGlobal
